# This file is generated by sgpm update.
version = 2
root = "senline_domain_worker"

[[package]]
id = "senline_build_identity@0.1.0+path:packages/senline-build-identity"
name = "senline_build_identity"
version = "0.1.0"
source.kind = "path"
source.path = "packages/senline-build-identity"
manifest = "packages/senline-build-identity/Sengoo.toml"

[[package]]
id = "senline_facts_to_plan@0.1.0+path:packages/senline-facts-to-plan"
name = "senline_facts_to_plan"
version = "0.1.0"
source.kind = "path"
source.path = "packages/senline-facts-to-plan"
manifest = "packages/senline-facts-to-plan/Sengoo.toml"

[[package]]
id = "sgframing@0.1.0+path:packages/sgframing"
name = "sgframing"
version = "0.1.0"
source.kind = "path"
source.path = "packages/sgframing"
manifest = "packages/sgframing/Sengoo.toml"

[[package]]
id = "sgjson_contract@0.1.0+path:packages/sgjson-contract"
name = "sgjson_contract"
version = "0.1.0"
source.kind = "path"
source.path = "packages/sgjson-contract"
manifest = "packages/sgjson-contract/Sengoo.toml"

[[package]]
id = "senline_domain_worker@0.1.0+path:."
name = "senline_domain_worker"
version = "0.1.0"
source.kind = "path"
source.path = "."
manifest = "Sengoo.toml"

[[dependency]]
from = "senline_domain_worker@0.1.0+path:."
alias = "senline_build_identity"
to = "senline_build_identity@0.1.0+path:packages/senline-build-identity"

[[dependency]]
from = "senline_domain_worker@0.1.0+path:."
alias = "senline_facts_to_plan"
to = "senline_facts_to_plan@0.1.0+path:packages/senline-facts-to-plan"

[[dependency]]
from = "senline_domain_worker@0.1.0+path:."
alias = "sgframing"
to = "sgframing@0.1.0+path:packages/sgframing"

[[dependency]]
from = "senline_domain_worker@0.1.0+path:."
alias = "sgjson_contract"
to = "sgjson_contract@0.1.0+path:packages/sgjson-contract"
