# This file is generated by sgpm update.
version = 2
root = "package_release_loop"

[[package]]
id = "shared_core@1.0.0+registry+local/shared_core@1.0.0"
name = "shared_core"
version = "1.0.0"
source.kind = "registry"
source.registry = "local"
source.version = "1.0.0"
manifest = "registry/shared_core/1.0.0/Sengoo.toml"

[[package]]
id = "foo1_user@0.1.0+path:packages/foo1-user"
name = "foo1_user"
version = "0.1.0"
source.kind = "path"
source.path = "packages/foo1-user"
manifest = "packages/foo1-user/Sengoo.toml"

[[package]]
id = "shared_core@2.0.0+registry+local/shared_core@2.0.0"
name = "shared_core"
version = "2.0.0"
source.kind = "registry"
source.registry = "local"
source.version = "2.0.0"
manifest = "registry/shared_core/2.0.0/Sengoo.toml"

[[package]]
id = "foo2_user@0.1.0+path:packages/foo2-user"
name = "foo2_user"
version = "0.1.0"
source.kind = "path"
source.path = "packages/foo2-user"
manifest = "packages/foo2-user/Sengoo.toml"

[[package]]
id = "release_helper@0.1.0+path:packages/release-helper"
name = "release_helper"
version = "0.1.0"
source.kind = "path"
source.path = "packages/release-helper"
manifest = "packages/release-helper/Sengoo.toml"

[[package]]
id = "package_release_loop@0.1.0+path:."
name = "package_release_loop"
version = "0.1.0"
source.kind = "path"
source.path = "."
manifest = "Sengoo.toml"

[[dependency]]
from = "package_release_loop@0.1.0+path:."
alias = "foo1_user"
to = "foo1_user@0.1.0+path:packages/foo1-user"

[[dependency]]
from = "foo1_user@0.1.0+path:packages/foo1-user"
alias = "shared_v1"
to = "shared_core@1.0.0+registry+local/shared_core@1.0.0"

[[dependency]]
from = "package_release_loop@0.1.0+path:."
alias = "foo2_user"
to = "foo2_user@0.1.0+path:packages/foo2-user"

[[dependency]]
from = "foo2_user@0.1.0+path:packages/foo2-user"
alias = "shared_v2"
to = "shared_core@2.0.0+registry+local/shared_core@2.0.0"

[[dependency]]
from = "package_release_loop@0.1.0+path:."
alias = "release_alias"
to = "release_helper@0.1.0+path:packages/release-helper"
