# This file is generated by sgpm update.
version = 2
root = "sggame"

[[package]]
id = "sgplatform@0.1.0+path:../sgplatform"
name = "sgplatform"
version = "0.1.0"
source.kind = "path"
source.path = "../sgplatform"
manifest = "../sgplatform/Sengoo.toml"

[[package]]
id = "sggame@0.1.0+path:."
name = "sggame"
version = "0.1.0"
source.kind = "path"
source.path = "."
manifest = "Sengoo.toml"

[[dependency]]
from = "sggame@0.1.0+path:."
alias = "sgplatform"
to = "sgplatform@0.1.0+path:../sgplatform"
