# This file is generated by sgpm update.
version = 2
root = "senline_http_dogfood"

[[package]]
id = "senline_build_identity@0.1.0+path:../senline-domain-worker/packages/senline-build-identity"
name = "senline_build_identity"
version = "0.1.0"
source.kind = "path"
source.path = "../senline-domain-worker/packages/senline-build-identity"
manifest = "../senline-domain-worker/packages/senline-build-identity/Sengoo.toml"

[[package]]
id = "senline_facts_to_plan@0.1.0+path:../senline-domain-worker/packages/senline-facts-to-plan"
name = "senline_facts_to_plan"
version = "0.1.0"
source.kind = "path"
source.path = "../senline-domain-worker/packages/senline-facts-to-plan"
manifest = "../senline-domain-worker/packages/senline-facts-to-plan/Sengoo.toml"

[[package]]
id = "sgframing@0.1.0+path:../senline-domain-worker/packages/sgframing"
name = "sgframing"
version = "0.1.0"
source.kind = "path"
source.path = "../senline-domain-worker/packages/sgframing"
manifest = "../senline-domain-worker/packages/sgframing/Sengoo.toml"

[[package]]
id = "sgjson_contract@0.1.0+path:../senline-domain-worker/packages/sgjson-contract"
name = "sgjson_contract"
version = "0.1.0"
source.kind = "path"
source.path = "../senline-domain-worker/packages/sgjson-contract"
manifest = "../senline-domain-worker/packages/sgjson-contract/Sengoo.toml"

[[package]]
id = "senline_domain_worker@0.1.0+path:../senline-domain-worker"
name = "senline_domain_worker"
version = "0.1.0"
source.kind = "path"
source.path = "../senline-domain-worker"
manifest = "../senline-domain-worker/Sengoo.toml"

[[package]]
id = "senline_http_dogfood@0.1.0+path:."
name = "senline_http_dogfood"
version = "0.1.0"
source.kind = "path"
source.path = "."
manifest = "Sengoo.toml"

[[dependency]]
from = "senline_http_dogfood@0.1.0+path:."
alias = "senline_domain_worker"
to = "senline_domain_worker@0.1.0+path:../senline-domain-worker"

[[dependency]]
from = "senline_domain_worker@0.1.0+path:../senline-domain-worker"
alias = "senline_build_identity"
to = "senline_build_identity@0.1.0+path:../senline-domain-worker/packages/senline-build-identity"

[[dependency]]
from = "senline_domain_worker@0.1.0+path:../senline-domain-worker"
alias = "senline_facts_to_plan"
to = "senline_facts_to_plan@0.1.0+path:../senline-domain-worker/packages/senline-facts-to-plan"

[[dependency]]
from = "senline_domain_worker@0.1.0+path:../senline-domain-worker"
alias = "sgframing"
to = "sgframing@0.1.0+path:../senline-domain-worker/packages/sgframing"

[[dependency]]
from = "senline_domain_worker@0.1.0+path:../senline-domain-worker"
alias = "sgjson_contract"
to = "sgjson_contract@0.1.0+path:../senline-domain-worker/packages/sgjson-contract"
